lockfileVersion: '9.0'

settings:
  autoInstallPeers: true
  excludeLinksFromLockfile: false

importers:

  .:
    dependencies:
      discord.js:
        specifier: ^14.24.2
        version: 14.24.2
      matrix-js-sdk:
        specifier: ^39.0.0
        version: 39.0.0
      twitter-api-v2:
        specifier: ^1.27.0
        version: 1.27.0

packages:

  '@babel/runtime@7.28.4':
    resolution: {integrity: sha512-Q/N6JNWvIvPnLDvjlE1OUBLPQHH6l3CltCEsHIujp45zQUSSh8K+gHnaEX45yAT1nyngnINhvWtzN+Nb9D8RAQ==}
    engines: {node: '>=6.9.0'}

  '@discordjs/builders@1.13.0':
    resolution: {integrity: sha512-COK0uU6ZaJI+LA67H/rp8IbEkYwlZf3mAoBI5wtPh5G5cbEQGNhVpzINg2f/6+q/YipnNIKy6fJDg6kMUKUw4Q==}
    engines: {node: '>=16.11.0'}

  '@discordjs/collection@1.5.3':
    resolution: {integrity: sha512-SVb428OMd3WO1paV3rm6tSjM4wC+Kecaa1EUGX7vc6/fddvw/6lg90z4QtCqm21zvVe92vMMDt9+DkIvjXImQQ==}
    engines: {node: '>=16.11.0'}

  '@discordjs/collection@2.1.1':
    resolution: {integrity: sha512-LiSusze9Tc7qF03sLCujF5iZp7K+vRNEDBZ86FT9aQAv3vxMLihUvKvpsCWiQ2DJq1tVckopKm1rxomgNUc9hg==}
    engines: {node: '>=18'}

  '@discordjs/formatters@0.6.1':
    resolution: {integrity: sha512-5cnX+tASiPCqCWtFcFslxBVUaCetB0thvM/JyavhbXInP1HJIEU+Qv/zMrnuwSsX3yWH2lVXNJZeDK3EiP4HHg==}
    engines: {node: '>=16.11.0'}

  '@discordjs/rest@2.6.0':
    resolution: {integrity: sha512-RDYrhmpB7mTvmCKcpj+pc5k7POKszS4E2O9TYc+U+Y4iaCP+r910QdO43qmpOja8LRr1RJ0b3U+CqVsnPqzf4w==}
    engines: {node: '>=18'}

  '@discordjs/util@1.1.1':
    resolution: {integrity: sha512-eddz6UnOBEB1oITPinyrB2Pttej49M9FZQY8NxgEvc3tq6ZICZ19m70RsmzRdDHk80O9NoYN/25AqJl8vPVf/g==}
    engines: {node: '>=18'}

  '@discordjs/ws@1.2.3':
    resolution: {integrity: sha512-wPlQDxEmlDg5IxhJPuxXr3Vy9AjYq5xCvFWGJyD7w7Np8ZGu+Mc+97LCoEc/+AYCo2IDpKioiH0/c/mj5ZR9Uw==}
    engines: {node: '>=16.11.0'}

  '@matrix-org/matrix-sdk-crypto-wasm@15.3.0':
    resolution: {integrity: sha512-QyxHvncvkl7nf+tnn92PjQ54gMNV8hMSpiukiDgNrqF6IYwgySTlcSdkPYdw8QjZJ0NR6fnVrNzMec0OohM3wA==}
    engines: {node: '>= 18'}

  '@sapphire/async-queue@1.5.5':
    resolution: {integrity: sha512-cvGzxbba6sav2zZkH8GPf2oGk9yYoD5qrNWdu9fRehifgnFZJMV+nuy2nON2roRO4yQQ+v7MK/Pktl/HgfsUXg==}
    engines: {node: '>=v14.0.0', npm: '>=7.0.0'}

  '@sapphire/shapeshift@4.0.0':
    resolution: {integrity: sha512-d9dUmWVA7MMiKobL3VpLF8P2aeanRTu6ypG2OIaEv/ZHH/SUQ2iHOVyi5wAPjQ+HmnMuL0whK9ez8I/raWbtIg==}
    engines: {node: '>=v16'}

  '@sapphire/snowflake@3.5.3':
    resolution: {integrity: sha512-jjmJywLAFoWeBi1W7994zZyiNWPIiqRRNAmSERxyg93xRGzNYvGjlZ0gR6x0F4gPRi2+0O6S71kOZYyr3cxaIQ==}
    engines: {node: '>=v14.0.0', npm: '>=7.0.0'}

  '@types/events@3.0.3':
    resolution: {integrity: sha512-trOc4AAUThEz9hapPtSd7wf5tiQKvTtu5b371UxXdTuqzIh0ArcRspRP0i0Viu+LXstIQ1z96t1nsPxT9ol01g==}

  '@types/node@24.10.0':
    resolution: {integrity: sha512-qzQZRBqkFsYyaSWXuEHc2WR9c0a0CXwiE5FWUvn7ZM+vdy1uZLfCunD38UzhuB7YN/J11ndbDBcTmOdxJo9Q7A==}

  '@types/ws@8.18.1':
    resolution: {integrity: sha512-ThVF6DCVhA8kUGy+aazFQ4kXQ7E1Ty7A3ypFOe0IcJV8O/M511G99AW24irKrW56Wt44yG9+ij8FaqoBGkuBXg==}

  '@vladfrangu/async_event_emitter@2.4.7':
    resolution: {integrity: sha512-Xfe6rpCTxSxfbswi/W/Pz7zp1WWSNn4A0eW4mLkQUewCrXXtMj31lCg+iQyTkh/CkusZSq9eDflu7tjEDXUY6g==}
    engines: {node: '>=v14.0.0', npm: '>=7.0.0'}

  another-json@0.2.0:
    resolution: {integrity: sha512-/Ndrl68UQLhnCdsAzEXLMFuOR546o2qbYRqCglaNHbjXrwG1ayTcdwr3zkSGOGtGXDyR5X9nCFfnyG2AFJIsqg==}

  base-x@5.0.1:
    resolution: {integrity: sha512-M7uio8Zt++eg3jPj+rHMfCC+IuygQHHCOU+IYsVtik6FWjuYpVt/+MRKcgsAMHh8mMFAwnB+Bs+mTrFiXjMzKg==}

  bs58@6.0.0:
    resolution: {integrity: sha512-PD0wEnEYg6ijszw/u8s+iI3H17cTymlrwkKhDhPZq+Sokl3AU4htyBFTjAeNAlCCmg0f53g6ih3jATyCKftTfw==}

  content-type@1.0.5:
    resolution: {integrity: sha512-nTjqfcBFEipKdXCv4YDQWCfmcLZKm81ldF0pAopTvyrFGVbcR6P/VAAd5G7N+0tTr8QqiU0tFadD6FK4NtJwOA==}
    engines: {node: '>= 0.6'}

  discord-api-types@0.38.31:
    resolution: {integrity: sha512-kC94ANsk8ackj8ENTuO8joTNEL0KtymVhHy9dyEC/s4QAZ7GCx40dYEzQaadyo8w+oP0X8QydE/nzAWRylTGtQ==}

  discord.js@14.24.2:
    resolution: {integrity: sha512-VMEDbmguRdX/EeMaTsf9Mb0IQA90WdYF2cn4QDfslQFXgQ6LFtmlPn0FSotnS0kcFbFp+JBSIxtnF+bnAHG/hQ==}
    engines: {node: '>=18'}

  events@3.3.0:
    resolution: {integrity: sha512-mQw+2fkQbALzQ7V0MY0IqdnXNOeTtP4r0lN9z7AAawCXgqea7bDii20AYrIBrFd/Hx0M2Ocz6S111CaFkUcb0Q==}
    engines: {node: '>=0.8.x'}

  fast-deep-equal@3.1.3:
    resolution: {integrity: sha512-f3qQ9oQy9j2AhBe/H9VC91wLmKBCCU/gDOnKNAYG5hswO7BLKj09Hc5HYNz9cGI++xlpDCIgDaitVs03ATR84Q==}

  is-network-error@1.3.0:
    resolution: {integrity: sha512-6oIwpsgRfnDiyEDLMay/GqCl3HoAtH5+RUKW29gYkL0QA+ipzpDLA16yQs7/RHCSu+BwgbJaOUqa4A99qNVQVw==}
    engines: {node: '>=16'}

  jwt-decode@4.0.0:
    resolution: {integrity: sha512-+KJGIyHgkGuIq3IEBNftfhW/LfWhXUIY6OmyVWjliu5KH1y0fw7VQ8YndE2O4qZdMSd9SqbnC8GOcZEy0Om7sA==}
    engines: {node: '>=18'}

  lodash.snakecase@4.1.1:
    resolution: {integrity: sha512-QZ1d4xoBHYUeuouhEq3lk3Uq7ldgyFXGBhg04+oRLnIz8o9T65Eh+8YdroUwn846zchkA9yDsDl5CVVaV2nqYw==}

  lodash@4.17.21:
    resolution: {integrity: sha512-v2kDEe57lecTulaDIuNTPy3Ry4gLGJ6Z1O3vE1krgXZNrsQ+LFTGHVxVjcXPs17LhbZVGedAJv8XZ1tvj5FvSg==}

  loglevel@1.9.2:
    resolution: {integrity: sha512-HgMmCqIJSAKqo68l0rS2AanEWfkxaZ5wNiEFb5ggm08lDs9Xl2KxBlX3PTcaD2chBM1gXAYf491/M2Rv8Jwayg==}
    engines: {node: '>= 0.6.0'}

  magic-bytes.js@1.12.1:
    resolution: {integrity: sha512-ThQLOhN86ZkJ7qemtVRGYM+gRgR8GEXNli9H/PMvpnZsE44Xfh3wx9kGJaldg314v85m+bFW6WBMaVHJc/c3zA==}

  matrix-events-sdk@0.0.1:
    resolution: {integrity: sha512-1QEOsXO+bhyCroIe2/A5OwaxHvBm7EsSQ46DEDn8RBIfQwN5HWBpFvyWWR4QY0KHPPnnJdI99wgRiAl7Ad5qaA==}

  matrix-js-sdk@39.0.0:
    resolution: {integrity: sha512-Mgv91EqiwSeMT+0sWeGqflioD9UWqld21PrK3XGT7lf0jmTjjYOvEt8VaEmD+pOw95Om2WzcUXbBjIRyDWVkAA==}
    engines: {node: '>=22.0.0'}

  matrix-widget-api@1.13.1:
    resolution: {integrity: sha512-mkOHUVzaN018TCbObfGOSaMW2GoUxOfcxNNlTVx5/HeMk3OSQPQM0C9oEME5Liiv/dBUoSrEB64V8wF7e/gb1w==}

  oidc-client-ts@3.3.0:
    resolution: {integrity: sha512-t13S540ZwFOEZKLYHJwSfITugupW4uYLwuQSSXyKH/wHwZ+7FvgHE7gnNJh1YQIZ1Yd1hKSRjqeXGSUtS0r9JA==}
    engines: {node: '>=18'}

  p-retry@7.1.0:
    resolution: {integrity: sha512-xL4PiFRQa/f9L9ZvR4/gUCRNus4N8YX80ku8kv9Jqz+ZokkiZLM0bcvX0gm1F3PDi9SPRsww1BDsTWgE6Y1GLQ==}
    engines: {node: '>=20'}

  sdp-transform@2.15.0:
    resolution: {integrity: sha512-KrOH82c/W+GYQ0LHqtr3caRpM3ITglq3ljGUIb8LTki7ByacJZ9z+piSGiwZDsRyhQbYBOBJgr2k6X4BZXi3Kw==}
    hasBin: true

  ts-mixer@6.0.4:
    resolution: {integrity: sha512-ufKpbmrugz5Aou4wcr5Wc1UUFWOLhq+Fm6qa6P0w0K5Qw2yhaUoiWszhCVuNQyNwrlGiscHOmqYoAox1PtvgjA==}

  tslib@2.8.1:
    resolution: {integrity: sha512-oJFu94HQb+KVduSUQL7wnpmqnfmLsOA/nAh6b6EH0wCEoK0/mPeXU6c3wKDV83MkOuHPRHtSXKKU99IBazS/2w==}

  twitter-api-v2@1.27.0:
    resolution: {integrity: sha512-hbIFwzg0NeOcFOdmJqtKMCXjLjc0INff/7NwhnZ2zpnw65oku8i+0eMxo5M0iTc1hs+inD/IpDw3S0Xh2c45QQ==}

  undici-types@7.16.0:
    resolution: {integrity: sha512-Zz+aZWSj8LE6zoxD+xrjh4VfkIG8Ya6LvYkZqtUQGJPZjYl53ypCaUwWqo7eI0x66KBGeRo+mlBEkMSeSZ38Nw==}

  undici@6.21.3:
    resolution: {integrity: sha512-gBLkYIlEnSp8pFbT64yFgGE6UIB9tAkhukC23PmMDCe5Nd+cRqKxSjw5y54MK2AZMgZfJWMaNE4nYUHgi1XEOw==}
    engines: {node: '>=18.17'}

  unhomoglyph@1.0.6:
    resolution: {integrity: sha512-7uvcWI3hWshSADBu4JpnyYbTVc7YlhF5GDW/oPD5AxIxl34k4wXR3WDkPnzLxkN32LiTCTKMQLtKVZiwki3zGg==}

  uuid@13.0.0:
    resolution: {integrity: sha512-XQegIaBTVUjSHliKqcnFqYypAd4S+WCYt5NIeRs6w/UAry7z8Y9j5ZwRRL4kzq9U3sD6v+85er9FvkEaBpji2w==}
    hasBin: true

  ws@8.18.3:
    resolution: {integrity: sha512-PEIGCY5tSlUt50cqyMXfCzX+oOPqN0vuGqWzbcJ2xvnkzkq46oOpz7dQaTDBdfICb4N14+GARUDw2XV2N4tvzg==}
    engines: {node: '>=10.0.0'}
    peerDependencies:
      bufferutil: ^4.0.1
      utf-8-validate: '>=5.0.2'
    peerDependenciesMeta:
      bufferutil:
        optional: true
      utf-8-validate:
        optional: true

snapshots:

  '@babel/runtime@7.28.4': {}

  '@discordjs/builders@1.13.0':
    dependencies:
      '@discordjs/formatters': 0.6.1
      '@discordjs/util': 1.1.1
      '@sapphire/shapeshift': 4.0.0
      discord-api-types: 0.38.31
      fast-deep-equal: 3.1.3
      ts-mixer: 6.0.4
      tslib: 2.8.1

  '@discordjs/collection@1.5.3': {}

  '@discordjs/collection@2.1.1': {}

  '@discordjs/formatters@0.6.1':
    dependencies:
      discord-api-types: 0.38.31

  '@discordjs/rest@2.6.0':
    dependencies:
      '@discordjs/collection': 2.1.1
      '@discordjs/util': 1.1.1
      '@sapphire/async-queue': 1.5.5
      '@sapphire/snowflake': 3.5.3
      '@vladfrangu/async_event_emitter': 2.4.7
      discord-api-types: 0.38.31
      magic-bytes.js: 1.12.1
      tslib: 2.8.1
      undici: 6.21.3

  '@discordjs/util@1.1.1': {}

  '@discordjs/ws@1.2.3':
    dependencies:
      '@discordjs/collection': 2.1.1
      '@discordjs/rest': 2.6.0
      '@discordjs/util': 1.1.1
      '@sapphire/async-queue': 1.5.5
      '@types/ws': 8.18.1
      '@vladfrangu/async_event_emitter': 2.4.7
      discord-api-types: 0.38.31
      tslib: 2.8.1
      ws: 8.18.3
    transitivePeerDependencies:
      - bufferutil
      - utf-8-validate

  '@matrix-org/matrix-sdk-crypto-wasm@15.3.0': {}

  '@sapphire/async-queue@1.5.5': {}

  '@sapphire/shapeshift@4.0.0':
    dependencies:
      fast-deep-equal: 3.1.3
      lodash: 4.17.21

  '@sapphire/snowflake@3.5.3': {}

  '@types/events@3.0.3': {}

  '@types/node@24.10.0':
    dependencies:
      undici-types: 7.16.0

  '@types/ws@8.18.1':
    dependencies:
      '@types/node': 24.10.0

  '@vladfrangu/async_event_emitter@2.4.7': {}

  another-json@0.2.0: {}

  base-x@5.0.1: {}

  bs58@6.0.0:
    dependencies:
      base-x: 5.0.1

  content-type@1.0.5: {}

  discord-api-types@0.38.31: {}

  discord.js@14.24.2:
    dependencies:
      '@discordjs/builders': 1.13.0
      '@discordjs/collection': 1.5.3
      '@discordjs/formatters': 0.6.1
      '@discordjs/rest': 2.6.0
      '@discordjs/util': 1.1.1
      '@discordjs/ws': 1.2.3
      '@sapphire/snowflake': 3.5.3
      discord-api-types: 0.38.31
      fast-deep-equal: 3.1.3
      lodash.snakecase: 4.1.1
      magic-bytes.js: 1.12.1
      tslib: 2.8.1
      undici: 6.21.3
    transitivePeerDependencies:
      - bufferutil
      - utf-8-validate

  events@3.3.0: {}

  fast-deep-equal@3.1.3: {}

  is-network-error@1.3.0: {}

  jwt-decode@4.0.0: {}

  lodash.snakecase@4.1.1: {}

  lodash@4.17.21: {}

  loglevel@1.9.2: {}

  magic-bytes.js@1.12.1: {}

  matrix-events-sdk@0.0.1: {}

  matrix-js-sdk@39.0.0:
    dependencies:
      '@babel/runtime': 7.28.4
      '@matrix-org/matrix-sdk-crypto-wasm': 15.3.0
      another-json: 0.2.0
      bs58: 6.0.0
      content-type: 1.0.5
      jwt-decode: 4.0.0
      loglevel: 1.9.2
      matrix-events-sdk: 0.0.1
      matrix-widget-api: 1.13.1
      oidc-client-ts: 3.3.0
      p-retry: 7.1.0
      sdp-transform: 2.15.0
      unhomoglyph: 1.0.6
      uuid: 13.0.0

  matrix-widget-api@1.13.1:
    dependencies:
      '@types/events': 3.0.3
      events: 3.3.0

  oidc-client-ts@3.3.0:
    dependencies:
      jwt-decode: 4.0.0

  p-retry@7.1.0:
    dependencies:
      is-network-error: 1.3.0

  sdp-transform@2.15.0: {}

  ts-mixer@6.0.4: {}

  tslib@2.8.1: {}

  twitter-api-v2@1.27.0: {}

  undici-types@7.16.0: {}

  undici@6.21.3: {}

  unhomoglyph@1.0.6: {}

  uuid@13.0.0: {}

  ws@8.18.3: {}
